// !$*UTF8*$!
{
	archiveVersion = 1;
	classes = {
	};
	objectVersion = 46;
	objects = {

/* Begin PBXBuildFile section */
		44DE8C371F2B6F91005CFEA9 /* AppDelegate.swift in Sources */ = {isa = PBXBuildFile; fileRef = 44DE8C361F2B6F91005CFEA9 /* AppDelegate.swift */; };
		44DE8C391F2B6F91005CFEA9 /* ViewController.swift in Sources */ = {isa = PBXBuildFile; fileRef = 44DE8C381F2B6F91005CFEA9 /* ViewController.swift */; };
		44DE8C3C1F2B6F91005CFEA9 /* Main.storyboard in Resources */ = {isa = PBXBuildFile; fileRef = 44DE8C3A1F2B6F91005CFEA9 /* Main.storyboard */; };
		44DE8C3E1F2B6F91005CFEA9 /* Assets.xcassets in Resources */ = {isa = PBXBuildFile; fileRef = 44DE8C3D1F2B6F91005CFEA9 /* Assets.xcassets */; };
		44DE8C411F2B6F91005CFEA9 /* LaunchScreen.storyboard in Resources */ = {isa = PBXBuildFile; fileRef = 44DE8C3F1F2B6F91005CFEA9 /* LaunchScreen.storyboard */; };
		44DE8C4C1F2B6F91005CFEA9 /* SourceryDIDemoTests.swift in Sources */ = {isa = PBXBuildFile; fileRef = 44DE8C4B1F2B6F91005CFEA9 /* SourceryDIDemoTests.swift */; };
/* End PBXBuildFile section */

/* Begin PBXContainerItemProxy section */
		44DE8C481F2B6F91005CFEA9 /* PBXContainerItemProxy */ = {
			isa = PBXContainerItemProxy;
			containerPortal = 44DE8C2B1F2B6F91005CFEA9 /* Project object */;
			proxyType = 1;
			remoteGlobalIDString = 44DE8C321F2B6F91005CFEA9;
			remoteInfo = SourceryDIDemo;
		};
/* End PBXContainerItemProxy section */

/* Begin PBXFileReference section */
		44DE8C331F2B6F91005CFEA9 /* SourceryDIDemo.app */ = {isa = PBXFileReference; explicitFileType = wrapper.application; includeInIndex = 0; path = SourceryDIDemo.app; sourceTree = BUILT_PRODUCTS_DIR; };
		44DE8C361F2B6F91005CFEA9 /* AppDelegate.swift */ = {isa = PBXFileReference; lastKnownFileType = sourcecode.swift; path = AppDelegate.swift; sourceTree = "<group>"; };
		44DE8C381F2B6F91005CFEA9 /* ViewController.swift */ = {isa = PBXFileReference; lastKnownFileType = sourcecode.swift; path = ViewController.swift; sourceTree = "<group>"; };
		44DE8C3B1F2B6F91005CFEA9 /* Base */ = {isa = PBXFileReference; lastKnownFileType = file.storyboard; name = Base; path = Base.lproj/Main.storyboard; sourceTree = "<group>"; };
		44DE8C3D1F2B6F91005CFEA9 /* Assets.xcassets */ = {isa = PBXFileReference; lastKnownFileType = folder.assetcatalog; path = Assets.xcassets; sourceTree = "<group>"; };
		44DE8C401F2B6F91005CFEA9 /* Base */ = {isa = PBXFileReference; lastKnownFileType = file.storyboard; name = Base; path = Base.lproj/LaunchScreen.storyboard; sourceTree = "<group>"; };
		44DE8C421F2B6F91005CFEA9 /* Info.plist */ = {isa = PBXFileReference; lastKnownFileType = text.plist.xml; path = Info.plist; sourceTree = "<group>"; };
		44DE8C471F2B6F91005CFEA9 /* SourceryDIDemoTests.xctest */ = {isa = PBXFileReference; explicitFileType = wrapper.cfbundle; includeInIndex = 0; path = SourceryDIDemoTests.xctest; sourceTree = BUILT_PRODUCTS_DIR; };
		44DE8C4B1F2B6F91005CFEA9 /* SourceryDIDemoTests.swift */ = {isa = PBXFileReference; lastKnownFileType = sourcecode.swift; path = SourceryDIDemoTests.swift; sourceTree = "<group>"; };
		44DE8C4D1F2B6F91005CFEA9 /* Info.plist */ = {isa = PBXFileReference; lastKnownFileType = text.plist.xml; path = Info.plist; sourceTree = "<group>"; };
/* End PBXFileReference section */

/* Begin PBXFrameworksBuildPhase section */
		44DE8C301F2B6F91005CFEA9 /* Frameworks */ = {
			isa = PBXFrameworksBuildPhase;
			buildActionMask = 2147483647;
			files = (
			);
			runOnlyForDeploymentPostprocessing = 0;
		};
		44DE8C441F2B6F91005CFEA9 /* Frameworks */ = {
			isa = PBXFrameworksBuildPhase;
			buildActionMask = 2147483647;
			files = (
			);
			runOnlyForDeploymentPostprocessing = 0;
		};
/* End PBXFrameworksBuildPhase section */

/* Begin PBXGroup section */
		44DE8C2A1F2B6F91005CFEA9 = {
			isa = PBXGroup;
			children = (
				44DE8C351F2B6F91005CFEA9 /* SourceryDIDemo */,
				44DE8C4A1F2B6F91005CFEA9 /* SourceryDIDemoTests */,
				44DE8C341F2B6F91005CFEA9 /* Products */,
			);
			sourceTree = "<group>";
		};
		44DE8C341F2B6F91005CFEA9 /* Products */ = {
			isa = PBXGroup;
			children = (
				44DE8C331F2B6F91005CFEA9 /* SourceryDIDemo.app */,
				44DE8C471F2B6F91005CFEA9 /* SourceryDIDemoTests.xctest */,
			);
			name = Products;
			sourceTree = "<group>";
		};
		44DE8C351F2B6F91005CFEA9 /* SourceryDIDemo */ = {
			isa = PBXGroup;
			children = (
				44DE8C361F2B6F91005CFEA9 /* AppDelegate.swift */,
				44DE8C381F2B6F91005CFEA9 /* ViewController.swift */,
				44DE8C3A1F2B6F91005CFEA9 /* Main.storyboard */,
				44DE8C3D1F2B6F91005CFEA9 /* Assets.xcassets */,
				44DE8C3F1F2B6F91005CFEA9 /* LaunchScreen.storyboard */,
				44DE8C421F2B6F91005CFEA9 /* Info.plist */,
			);
			path = SourceryDIDemo;
			sourceTree = "<group>";
		};
		44DE8C4A1F2B6F91005CFEA9 /* SourceryDIDemoTests */ = {
			isa = PBXGroup;
			children = (
				44DE8C4B1F2B6F91005CFEA9 /* SourceryDIDemoTests.swift */,
				44DE8C4D1F2B6F91005CFEA9 /* Info.plist */,
			);
			path = SourceryDIDemoTests;
			sourceTree = "<group>";
		};
/* End PBXGroup section */

/* Begin PBXNativeTarget section */
		44DE8C321F2B6F91005CFEA9 /* SourceryDIDemo */ = {
			isa = PBXNativeTarget;
			buildConfigurationList = 44DE8C501F2B6F91005CFEA9 /* Build configuration list for PBXNativeTarget "SourceryDIDemo" */;
			buildPhases = (
				44DE8C2F1F2B6F91005CFEA9 /* Sources */,
				44DE8C301F2B6F91005CFEA9 /* Frameworks */,
				44DE8C311F2B6F91005CFEA9 /* Resources */,
			);
			buildRules = (
			);
			dependencies = (
			);
			name = SourceryDIDemo;
			productName = SourceryDIDemo;
			productReference = 44DE8C331F2B6F91005CFEA9 /* SourceryDIDemo.app */;
			productType = "com.apple.product-type.application";
		};
		44DE8C461F2B6F91005CFEA9 /* SourceryDIDemoTests */ = {
			isa = PBXNativeTarget;
			buildConfigurationList = 44DE8C531F2B6F91005CFEA9 /* Build configuration list for PBXNativeTarget "SourceryDIDemoTests" */;
			buildPhases = (
				44DE8C431F2B6F91005CFEA9 /* Sources */,
				44DE8C441F2B6F91005CFEA9 /* Frameworks */,
				44DE8C451F2B6F91005CFEA9 /* Resources */,
			);
			buildRules = (
			);
			dependencies = (
				44DE8C491F2B6F91005CFEA9 /* PBXTargetDependency */,
			);
			name = SourceryDIDemoTests;
			productName = SourceryDIDemoTests;
			productReference = 44DE8C471F2B6F91005CFEA9 /* SourceryDIDemoTests.xctest */;
			productType = "com.apple.product-type.bundle.unit-test";
		};
/* End PBXNativeTarget section */

/* Begin PBXProject section */
		44DE8C2B1F2B6F91005CFEA9 /* Project object */ = {
			isa = PBXProject;
			attributes = {
				LastSwiftUpdateCheck = 0830;
				LastUpgradeCheck = 0830;
				ORGANIZATIONNAME = "Eugene Tulusha";
				TargetAttributes = {
					44DE8C321F2B6F91005CFEA9 = {
						CreatedOnToolsVersion = 8.3.3;
						DevelopmentTeam = 9DB8872T2A;
						ProvisioningStyle = Automatic;
					};
					44DE8C461F2B6F91005CFEA9 = {
						CreatedOnToolsVersion = 8.3.3;
						DevelopmentTeam = 9DB8872T2A;
						ProvisioningStyle = Automatic;
						TestTargetID = 44DE8C321F2B6F91005CFEA9;
					};
				};
			};
			buildConfigurationList = 44DE8C2E1F2B6F91005CFEA9 /* Build configuration list for PBXProject "SourceryDIDemo" */;
			compatibilityVersion = "Xcode 3.2";
			developmentRegion = English;
			hasScannedForEncodings = 0;
			knownRegions = (
				en,
				Base,
			);
			mainGroup = 44DE8C2A1F2B6F91005CFEA9;
			productRefGroup = 44DE8C341F2B6F91005CFEA9 /* Products */;
			projectDirPath = "";
			projectRoot = "";
			targets = (
				44DE8C321F2B6F91005CFEA9 /* SourceryDIDemo */,
				44DE8C461F2B6F91005CFEA9 /* SourceryDIDemoTests */,
			);
		};
/* End PBXProject section */

/* Begin PBXResourcesBuildPhase section */
		44DE8C311F2B6F91005CFEA9 /* Resources */ = {
			isa = PBXResourcesBuildPhase;
			buildActionMask = 2147483647;
			files = (
				44DE8C411F2B6F91005CFEA9 /* LaunchScreen.storyboard in Resources */,
				44DE8C3E1F2B6F91005CFEA9 /* Assets.xcassets in Resources */,
				44DE8C3C1F2B6F91005CFEA9 /* Main.storyboard in Resources */,
			);
			runOnlyForDeploymentPostprocessing = 0;
		};
		44DE8C451F2B6F91005CFEA9 /* Resources */ = {
			isa = PBXResourcesBuildPhase;
			buildActionMask = 2147483647;
			files = (
			);
			runOnlyForDeploymentPostprocessing = 0;
		};
/* End PBXResourcesBuildPhase section */

/* Begin PBXSourcesBuildPhase section */
		44DE8C2F1F2B6F91005CFEA9 /* Sources */ = {
			isa = PBXSourcesBuildPhase;
			buildActionMask = 2147483647;
			files = (
				44DE8C391F2B6F91005CFEA9 /* ViewController.swift in Sources */,
				44DE8C371F2B6F91005CFEA9 /* AppDelegate.swift in Sources */,
			);
			runOnlyForDeploymentPostprocessing = 0;
		};
		44DE8C431F2B6F91005CFEA9 /* Sources */ = {
			isa = PBXSourcesBuildPhase;
			buildActionMask = 2147483647;
			files = (
				44DE8C4C1F2B6F91005CFEA9 /* SourceryDIDemoTests.swift in Sources */,
			);
			runOnlyForDeploymentPostprocessing = 0;
		};
/* End PBXSourcesBuildPhase section */

/* Begin PBXTargetDependency section */
		44DE8C491F2B6F91005CFEA9 /* PBXTargetDependency */ = {
			isa = PBXTargetDependency;
			target = 44DE8C321F2B6F91005CFEA9 /* SourceryDIDemo */;
			targetProxy = 44DE8C481F2B6F91005CFEA9 /* PBXContainerItemProxy */;
		};
/* End PBXTargetDependency section */

/* Begin PBXVariantGroup section */
		44DE8C3A1F2B6F91005CFEA9 /* Main.storyboard */ = {
			isa = PBXVariantGroup;
			children = (
				44DE8C3B1F2B6F91005CFEA9 /* Base */,
			);
			name = Main.storyboard;
			sourceTree = "<group>";
		};
		44DE8C3F1F2B6F91005CFEA9 /* LaunchScreen.storyboard */ = {
			isa = PBXVariantGroup;
			children = (
				44DE8C401F2B6F91005CFEA9 /* Base */,
			);
			name = LaunchScreen.storyboard;
			sourceTree = "<group>";
		};
/* End PBXVariantGroup section */

/* Begin XCBuildConfiguration section */
		44DE8C4E1F2B6F91005CFEA9 /* Debug */ = {
			isa = XCBuildConfiguration;
			buildSettings = {
				ALWAYS_SEARCH_USER_PATHS = NO;
				CLANG_ANALYZER_NONNULL = YES;
				CLANG_ANALYZER_NUMBER_OBJECT_CONVERSION = YES_AGGRESSIVE;
				CLANG_CXX_LANGUAGE_STANDARD = "gnu++0x";
				CLANG_CXX_LIBRARY = "libc++";
				CLANG_ENABLE_MODULES = YES;
				CLANG_ENABLE_OBJC_ARC = YES;
				CLANG_WARN_BOOL_CONVERSION = YES;
				CLANG_WARN_CONSTANT_CONVERSION = YES;
				CLANG_WARN_DIRECT_OBJC_ISA_USAGE = YES_ERROR;
				CLANG_WARN_DOCUMENTATION_COMMENTS = YES;
				CLANG_WARN_EMPTY_BODY = YES;
				CLANG_WARN_ENUM_CONVERSION = YES;
				CLANG_WARN_INFINITE_RECURSION = YES;
				CLANG_WARN_INT_CONVERSION = YES;
				CLANG_WARN_OBJC_ROOT_CLASS = YES_ERROR;
				CLANG_WARN_SUSPICIOUS_MOVE = YES;
				CLANG_WARN_UNREACHABLE_CODE = YES;
				CLANG_WARN__DUPLICATE_METHOD_MATCH = YES;
				"CODE_SIGN_IDENTITY[sdk=iphoneos*]" = "iPhone Developer";
				COPY_PHASE_STRIP = NO;
				DEBUG_INFORMATION_FORMAT = dwarf;
				ENABLE_STRICT_OBJC_MSGSEND = YES;
				ENABLE_TESTABILITY = YES;
				GCC_C_LANGUAGE_STANDARD = gnu99;
				GCC_DYNAMIC_NO_PIC = NO;
				GCC_NO_COMMON_BLOCKS = YES;
				GCC_OPTIMIZATION_LEVEL = 0;
				GCC_PREPROCESSOR_DEFINITIONS = (
					"DEBUG=1",
					"$(inherited)",
				);
				GCC_WARN_64_TO_32_BIT_CONVERSION = YES;
				GCC_WARN_ABOUT_RETURN_TYPE = YES_ERROR;
				GCC_WARN_UNDECLARED_SELECTOR = YES;
				GCC_WARN_UNINITIALIZED_AUTOS = YES_AGGRESSIVE;
				GCC_WARN_UNUSED_FUNCTION = YES;
				GCC_WARN_UNUSED_VARIABLE = YES;
				IPHONEOS_DEPLOYMENT_TARGET = 10.3;
				MTL_ENABLE_DEBUG_INFO = YES;
				ONLY_ACTIVE_ARCH = YES;
				SDKROOT = iphoneos;
				SWIFT_ACTIVE_COMPILATION_CONDITIONS = DEBUG;
				SWIFT_OPTIMIZATION_LEVEL = "-Onone";
				TARGETED_DEVICE_FAMILY = "1,2";
			};
			name = Debug;
		};
		44DE8C4F1F2B6F91005CFEA9 /* Release */ = {
			isa = XCBuildConfiguration;
			buildSettings = {
				ALWAYS_SEARCH_USER_PATHS = NO;
				CLANG_ANALYZER_NONNULL = YES;
				CLANG_ANALYZER_NUMBER_OBJECT_CONVERSION = YES_AGGRESSIVE;
				CLANG_CXX_LANGUAGE_STANDARD = "gnu++0x";
				CLANG_CXX_LIBRARY = "libc++";
				CLANG_ENABLE_MODULES = YES;
				CLANG_ENABLE_OBJC_ARC = YES;
				CLANG_WARN_BOOL_CONVERSION = YES;
				CLANG_WARN_CONSTANT_CONVERSION = YES;
				CLANG_WARN_DIRECT_OBJC_ISA_USAGE = YES_ERROR;
				CLANG_WARN_DOCUMENTATION_COMMENTS = YES;
				CLANG_WARN_EMPTY_BODY = YES;
				CLANG_WARN_ENUM_CONVERSION = YES;
				CLANG_WARN_INFINITE_RECURSION = YES;
				CLANG_WARN_INT_CONVERSION = YES;
				CLANG_WARN_OBJC_ROOT_CLASS = YES_ERROR;
				CLANG_WARN_SUSPICIOUS_MOVE = YES;
				CLANG_WARN_UNREACHABLE_CODE = YES;
				CLANG_WARN__DUPLICATE_METHOD_MATCH = YES;
				"CODE_SIGN_IDENTITY[sdk=iphoneos*]" = "iPhone Developer";
				COPY_PHASE_STRIP = NO;
				DEBUG_INFORMATION_FORMAT = "dwarf-with-dsym";
				ENABLE_NS_ASSERTIONS = NO;
				ENABLE_STRICT_OBJC_MSGSEND = YES;
				GCC_C_LANGUAGE_STANDARD = gnu99;
				GCC_NO_COMMON_BLOCKS = YES;
				GCC_WARN_64_TO_32_BIT_CONVERSION = YES;
				GCC_WARN_ABOUT_RETURN_TYPE = YES_ERROR;
				GCC_WARN_UNDECLARED_SELECTOR = YES;
				GCC_WARN_UNINITIALIZED_AUTOS = YES_AGGRESSIVE;
				GCC_WARN_UNUSED_FUNCTION = YES;
				GCC_WARN_UNUSED_VARIABLE = YES;
				IPHONEOS_DEPLOYMENT_TARGET = 10.3;
				MTL_ENABLE_DEBUG_INFO = NO;
				SDKROOT = iphoneos;
				SWIFT_OPTIMIZATION_LEVEL = "-Owholemodule";
				TARGETED_DEVICE_FAMILY = "1,2";
				VALIDATE_PRODUCT = YES;
			};
			name = Release;
		};
		44DE8C511F2B6F91005CFEA9 /* Debug */ = {
			isa = XCBuildConfiguration;
			buildSettings = {
				ASSETCATALOG_COMPILER_APPICON_NAME = AppIcon;
				DEVELOPMENT_TEAM = 9DB8872T2A;
				INFOPLIST_FILE = SourceryDIDemo/Info.plist;
				LD_RUNPATH_SEARCH_PATHS = "$(inherited) @executable_path/Frameworks";
				PRODUCT_BUNDLE_IDENTIFIER = com.tulusha.SourceryDIDemo;
				PRODUCT_NAME = "$(TARGET_NAME)";
				SWIFT_VERSION = 3.0;
			};
			name = Debug;
		};
		44DE8C521F2B6F91005CFEA9 /* Release */ = {
			isa = XCBuildConfiguration;
			buildSettings = {
				ASSETCATALOG_COMPILER_APPICON_NAME = AppIcon;
				DEVELOPMENT_TEAM = 9DB8872T2A;
				INFOPLIST_FILE = SourceryDIDemo/Info.plist;
				LD_RUNPATH_SEARCH_PATHS = "$(inherited) @executable_path/Frameworks";
				PRODUCT_BUNDLE_IDENTIFIER = com.tulusha.SourceryDIDemo;
				PRODUCT_NAME = "$(TARGET_NAME)";
				SWIFT_VERSION = 3.0;
			};
			name = Release;
		};
		44DE8C541F2B6F91005CFEA9 /* Debug */ = {
			isa = XCBuildConfiguration;
			buildSettings = {
				ALWAYS_EMBED_SWIFT_STANDARD_LIBRARIES = YES;
				BUNDLE_LOADER = "$(TEST_HOST)";
				DEVELOPMENT_TEAM = 9DB8872T2A;
				INFOPLIST_FILE = SourceryDIDemoTests/Info.plist;
				LD_RUNPATH_SEARCH_PATHS = "$(inherited) @executable_path/Frameworks @loader_path/Frameworks";
				PRODUCT_BUNDLE_IDENTIFIER = com.tulusha.SourceryDIDemoTests;
				PRODUCT_NAME = "$(TARGET_NAME)";
				SWIFT_VERSION = 3.0;
				TEST_HOST = "$(BUILT_PRODUCTS_DIR)/SourceryDIDemo.app/SourceryDIDemo";
			};
			name = Debug;
		};
		44DE8C551F2B6F91005CFEA9 /* Release */ = {
			isa = XCBuildConfiguration;
			buildSettings = {
				ALWAYS_EMBED_SWIFT_STANDARD_LIBRARIES = YES;
				BUNDLE_LOADER = "$(TEST_HOST)";
				DEVELOPMENT_TEAM = 9DB8872T2A;
				INFOPLIST_FILE = SourceryDIDemoTests/Info.plist;
				LD_RUNPATH_SEARCH_PATHS = "$(inherited) @executable_path/Frameworks @loader_path/Frameworks";
				PRODUCT_BUNDLE_IDENTIFIER = com.tulusha.SourceryDIDemoTests;
				PRODUCT_NAME = "$(TARGET_NAME)";
				SWIFT_VERSION = 3.0;
				TEST_HOST = "$(BUILT_PRODUCTS_DIR)/SourceryDIDemo.app/SourceryDIDemo";
			};
			name = Release;
		};
/* End XCBuildConfiguration section */

/* Begin XCConfigurationList section */
		44DE8C2E1F2B6F91005CFEA9 /* Build configuration list for PBXProject "SourceryDIDemo" */ = {
			isa = XCConfigurationList;
			buildConfigurations = (
				44DE8C4E1F2B6F91005CFEA9 /* Debug */,
				44DE8C4F1F2B6F91005CFEA9 /* Release */,
			);
			defaultConfigurationIsVisible = 0;
			defaultConfigurationName = Release;
		};
		44DE8C501F2B6F91005CFEA9 /* Build configuration list for PBXNativeTarget "SourceryDIDemo" */ = {
			isa = XCConfigurationList;
			buildConfigurations = (
				44DE8C511F2B6F91005CFEA9 /* Debug */,
				44DE8C521F2B6F91005CFEA9 /* Release */,
			);
			defaultConfigurationIsVisible = 0;
		};
		44DE8C531F2B6F91005CFEA9 /* Build configuration list for PBXNativeTarget "SourceryDIDemoTests" */ = {
			isa = XCConfigurationList;
			buildConfigurations = (
				44DE8C541F2B6F91005CFEA9 /* Debug */,
				44DE8C551F2B6F91005CFEA9 /* Release */,
			);
			defaultConfigurationIsVisible = 0;
		};
/* End XCConfigurationList section */
	};
	rootObject = 44DE8C2B1F2B6F91005CFEA9 /* Project object */;
}
